// !$*UTF8*$!
{
	archiveVersion = 1;
	classes = {
	};
	objectVersion = 48;
	objects = {

/* Begin PBXBuildFile section */
		A515AD23223176C30048E537 /* ExtensionInt.swift in Sources */ = {isa = PBXBuildFile; fileRef = A515AD22223176C30048E537 /* ExtensionInt.swift */; };
		A520330B220EF2820096FB57 /* AppDelegate.swift in Sources */ = {isa = PBXBuildFile; fileRef = A520330A220EF2820096FB57 /* AppDelegate.swift */; };
		A520330D220EF2820096FB57 /* Assets.xcassets in Resources */ = {isa = PBXBuildFile; fileRef = A520330C220EF2820096FB57 /* Assets.xcassets */; };
		A5203310220EF2820096FB57 /* MainMenu.xib in Resources */ = {isa = PBXBuildFile; fileRef = A520330E220EF2820096FB57 /* MainMenu.xib */; };
		A520331F220EF2AE0096FB57 /* Cocoa.framework in Frameworks */ = {isa = PBXBuildFile; fileRef = A520331E220EF2AE0096FB57 /* Cocoa.framework */; };
		A5203322220EF2AE0096FB57 /* SafariExtensionHandler.swift in Sources */ = {isa = PBXBuildFile; fileRef = A5203321220EF2AE0096FB57 /* SafariExtensionHandler.swift */; };
		A5203324220EF2AE0096FB57 /* SafariExtensionViewController.swift in Sources */ = {isa = PBXBuildFile; fileRef = A5203323220EF2AE0096FB57 /* SafariExtensionViewController.swift */; };
		A5203327220EF2AE0096FB57 /* SafariExtensionViewController.xib in Resources */ = {isa = PBXBuildFile; fileRef = A5203325220EF2AE0096FB57 /* SafariExtensionViewController.xib */; };
		A520332A220EF2AE0096FB57 /* script.js in Resources */ = {isa = PBXBuildFile; fileRef = A5203329220EF2AE0096FB57 /* script.js */; };
		A520332C220EF2AE0096FB57 /* ToolbarItemIcon.pdf in Resources */ = {isa = PBXBuildFile; fileRef = A520332B220EF2AE0096FB57 /* ToolbarItemIcon.pdf */; };
		A5203330220EF2AE0096FB57 /* JammerCancellerExtension.appex in Embed App Extensions */ = {isa = PBXBuildFile; fileRef = A520331C220EF2AE0096FB57 /* JammerCancellerExtension.appex */; settings = {ATTRIBUTES = (RemoveHeadersOnCopy, ); }; };
		A5203337220EF4E90096FB57 /* style.css in Resources */ = {isa = PBXBuildFile; fileRef = A5203336220EF4E90096FB57 /* style.css */; };
		A5384F4E2231710200F9714A /* Message.plist in Resources */ = {isa = PBXBuildFile; fileRef = A5384F4D2231710200F9714A /* Message.plist */; };
		A54EF9132237A9610032276A /* UrlPersistence.swift in Sources */ = {isa = PBXBuildFile; fileRef = A54EF9122237A9610032276A /* UrlPersistence.swift */; };
		A553DA962224418D00B6F6BA /* element.js in Resources */ = {isa = PBXBuildFile; fileRef = A553DA952224418D00B6F6BA /* element.js */; };
		A553DA98222442BC00B6F6BA /* overlay.js in Resources */ = {isa = PBXBuildFile; fileRef = A553DA97222442BC00B6F6BA /* overlay.js */; };
		A5598DE122221E36008FA511 /* SafariExtensionService.swift in Sources */ = {isa = PBXBuildFile; fileRef = A5598DE022221E36008FA511 /* SafariExtensionService.swift */; };
		A5B8ED5C2222CA4500901D3F /* ExtensionString.swift in Sources */ = {isa = PBXBuildFile; fileRef = A5B8ED5B2222CA4500901D3F /* ExtensionString.swift */; };
		A5E9BA832232BEC300E3F6E5 /* UrlDataSource.swift in Sources */ = {isa = PBXBuildFile; fileRef = A5E9BA822232BEC300E3F6E5 /* UrlDataSource.swift */; };
		A5E9BA862232C30500E3F6E5 /* UrlTableViewDelegate.swift in Sources */ = {isa = PBXBuildFile; fileRef = A5E9BA852232C30500E3F6E5 /* UrlTableViewDelegate.swift */; };
/* End PBXBuildFile section */

/* Begin PBXContainerItemProxy section */
		A520332E220EF2AE0096FB57 /* PBXContainerItemProxy */ = {
			isa = PBXContainerItemProxy;
			containerPortal = A52032FF220EF2820096FB57 /* Project object */;
			proxyType = 1;
			remoteGlobalIDString = A520331B220EF2AE0096FB57;
			remoteInfo = JammerCancellerExtension;
		};
/* End PBXContainerItemProxy section */

/* Begin PBXCopyFilesBuildPhase section */
		A5203334220EF2AE0096FB57 /* Embed App Extensions */ = {
			isa = PBXCopyFilesBuildPhase;
			buildActionMask = 2147483647;
			dstPath = "";
			dstSubfolderSpec = 13;
			files = (
				A5203330220EF2AE0096FB57 /* JammerCancellerExtension.appex in Embed App Extensions */,
			);
			name = "Embed App Extensions";
			runOnlyForDeploymentPostprocessing = 0;
		};
/* End PBXCopyFilesBuildPhase section */

/* Begin PBXFileReference section */
		A515AD22223176C30048E537 /* ExtensionInt.swift */ = {isa = PBXFileReference; lastKnownFileType = sourcecode.swift; path = ExtensionInt.swift; sourceTree = "<group>"; };
		A5203307220EF2820096FB57 /* JammerCanceller.app */ = {isa = PBXFileReference; explicitFileType = wrapper.application; includeInIndex = 0; path = JammerCanceller.app; sourceTree = BUILT_PRODUCTS_DIR; };
		A520330A220EF2820096FB57 /* AppDelegate.swift */ = {isa = PBXFileReference; lastKnownFileType = sourcecode.swift; path = AppDelegate.swift; sourceTree = "<group>"; };
		A520330C220EF2820096FB57 /* Assets.xcassets */ = {isa = PBXFileReference; lastKnownFileType = folder.assetcatalog; path = Assets.xcassets; sourceTree = "<group>"; };
		A520330F220EF2820096FB57 /* Base */ = {isa = PBXFileReference; lastKnownFileType = file.xib; name = Base; path = Base.lproj/MainMenu.xib; sourceTree = "<group>"; };
		A5203311220EF2820096FB57 /* Info.plist */ = {isa = PBXFileReference; lastKnownFileType = text.plist.xml; path = Info.plist; sourceTree = "<group>"; };
		A5203312220EF2820096FB57 /* JammerCanceller.entitlements */ = {isa = PBXFileReference; lastKnownFileType = text.plist.entitlements; path = JammerCanceller.entitlements; sourceTree = "<group>"; };
		A520331C220EF2AE0096FB57 /* JammerCancellerExtension.appex */ = {isa = PBXFileReference; explicitFileType = "wrapper.app-extension"; includeInIndex = 0; path = JammerCancellerExtension.appex; sourceTree = BUILT_PRODUCTS_DIR; };
		A520331E220EF2AE0096FB57 /* Cocoa.framework */ = {isa = PBXFileReference; lastKnownFileType = wrapper.framework; name = Cocoa.framework; path = System/Library/Frameworks/Cocoa.framework; sourceTree = SDKROOT; };
		A5203321220EF2AE0096FB57 /* SafariExtensionHandler.swift */ = {isa = PBXFileReference; lastKnownFileType = sourcecode.swift; path = SafariExtensionHandler.swift; sourceTree = "<group>"; };
		A5203323220EF2AE0096FB57 /* SafariExtensionViewController.swift */ = {isa = PBXFileReference; lastKnownFileType = sourcecode.swift; path = SafariExtensionViewController.swift; sourceTree = "<group>"; };
		A5203326220EF2AE0096FB57 /* Base */ = {isa = PBXFileReference; lastKnownFileType = file.xib; name = Base; path = Base.lproj/SafariExtensionViewController.xib; sourceTree = "<group>"; };
		A5203328220EF2AE0096FB57 /* Info.plist */ = {isa = PBXFileReference; lastKnownFileType = text.plist.xml; path = Info.plist; sourceTree = "<group>"; };
		A5203329220EF2AE0096FB57 /* script.js */ = {isa = PBXFileReference; lastKnownFileType = sourcecode.javascript; path = script.js; sourceTree = "<group>"; };
		A520332B220EF2AE0096FB57 /* ToolbarItemIcon.pdf */ = {isa = PBXFileReference; lastKnownFileType = image.pdf; path = ToolbarItemIcon.pdf; sourceTree = "<group>"; };
		A520332D220EF2AE0096FB57 /* JammerCancellerExtension.entitlements */ = {isa = PBXFileReference; lastKnownFileType = text.plist.entitlements; path = JammerCancellerExtension.entitlements; sourceTree = "<group>"; };
		A5203336220EF4E90096FB57 /* style.css */ = {isa = PBXFileReference; lastKnownFileType = text.css; path = style.css; sourceTree = "<group>"; };
		A5384F4D2231710200F9714A /* Message.plist */ = {isa = PBXFileReference; lastKnownFileType = text.plist; path = Message.plist; sourceTree = "<group>"; };
		A54EF9122237A9610032276A /* UrlPersistence.swift */ = {isa = PBXFileReference; lastKnownFileType = sourcecode.swift; path = UrlPersistence.swift; sourceTree = "<group>"; };
		A553DA952224418D00B6F6BA /* element.js */ = {isa = PBXFileReference; lastKnownFileType = sourcecode.javascript; path = element.js; sourceTree = "<group>"; };
		A553DA97222442BC00B6F6BA /* overlay.js */ = {isa = PBXFileReference; lastKnownFileType = sourcecode.javascript; path = overlay.js; sourceTree = "<group>"; };
		A5598DE022221E36008FA511 /* SafariExtensionService.swift */ = {isa = PBXFileReference; lastKnownFileType = sourcecode.swift; path = SafariExtensionService.swift; sourceTree = "<group>"; };
		A5B8ED5B2222CA4500901D3F /* ExtensionString.swift */ = {isa = PBXFileReference; lastKnownFileType = sourcecode.swift; path = ExtensionString.swift; sourceTree = "<group>"; };
		A5E9BA822232BEC300E3F6E5 /* UrlDataSource.swift */ = {isa = PBXFileReference; lastKnownFileType = sourcecode.swift; path = UrlDataSource.swift; sourceTree = "<group>"; };
		A5E9BA852232C30500E3F6E5 /* UrlTableViewDelegate.swift */ = {isa = PBXFileReference; lastKnownFileType = sourcecode.swift; path = UrlTableViewDelegate.swift; sourceTree = "<group>"; };
/* End PBXFileReference section */

/* Begin PBXFrameworksBuildPhase section */
		A5203304220EF2820096FB57 /* Frameworks */ = {
			isa = PBXFrameworksBuildPhase;
			buildActionMask = 2147483647;
			files = (
			);
			runOnlyForDeploymentPostprocessing = 0;
		};
		A5203319220EF2AE0096FB57 /* Frameworks */ = {
			isa = PBXFrameworksBuildPhase;
			buildActionMask = 2147483647;
			files = (
				A520331F220EF2AE0096FB57 /* Cocoa.framework in Frameworks */,
			);
			runOnlyForDeploymentPostprocessing = 0;
		};
/* End PBXFrameworksBuildPhase section */

/* Begin PBXGroup section */
		A52032FE220EF2820096FB57 = {
			isa = PBXGroup;
			children = (
				A5203309220EF2820096FB57 /* JammerCanceller */,
				A5203320220EF2AE0096FB57 /* JammerCancellerExtension */,
				A520331D220EF2AE0096FB57 /* Frameworks */,
				A5203308220EF2820096FB57 /* Products */,
			);
			sourceTree = "<group>";
		};
		A5203308220EF2820096FB57 /* Products */ = {
			isa = PBXGroup;
			children = (
				A5203307220EF2820096FB57 /* JammerCanceller.app */,
				A520331C220EF2AE0096FB57 /* JammerCancellerExtension.appex */,
			);
			name = Products;
			sourceTree = "<group>";
		};
		A5203309220EF2820096FB57 /* JammerCanceller */ = {
			isa = PBXGroup;
			children = (
				A520330A220EF2820096FB57 /* AppDelegate.swift */,
				A520330C220EF2820096FB57 /* Assets.xcassets */,
				A520330E220EF2820096FB57 /* MainMenu.xib */,
				A5203311220EF2820096FB57 /* Info.plist */,
				A5203312220EF2820096FB57 /* JammerCanceller.entitlements */,
			);
			path = JammerCanceller;
			sourceTree = "<group>";
		};
		A520331D220EF2AE0096FB57 /* Frameworks */ = {
			isa = PBXGroup;
			children = (
				A520331E220EF2AE0096FB57 /* Cocoa.framework */,
			);
			name = Frameworks;
			sourceTree = "<group>";
		};
		A5203320220EF2AE0096FB57 /* JammerCancellerExtension */ = {
			isa = PBXGroup;
			children = (
				A58C67BB2239286A00F17459 /* ClassExtension */,
				A54EF9112237A93D0032276A /* Service */,
				A5E9BA812232BEA000E3F6E5 /* ViewController */,
				A5203336220EF4E90096FB57 /* style.css */,
				A5203321220EF2AE0096FB57 /* SafariExtensionHandler.swift */,
				A5203323220EF2AE0096FB57 /* SafariExtensionViewController.swift */,
				A5203325220EF2AE0096FB57 /* SafariExtensionViewController.xib */,
				A5598DE022221E36008FA511 /* SafariExtensionService.swift */,
				A5203328220EF2AE0096FB57 /* Info.plist */,
				A5384F4D2231710200F9714A /* Message.plist */,
				A553DA952224418D00B6F6BA /* element.js */,
				A553DA97222442BC00B6F6BA /* overlay.js */,
				A5203329220EF2AE0096FB57 /* script.js */,
				A520332B220EF2AE0096FB57 /* ToolbarItemIcon.pdf */,
				A520332D220EF2AE0096FB57 /* JammerCancellerExtension.entitlements */,
			);
			path = JammerCancellerExtension;
			sourceTree = "<group>";
		};
		A54EF9112237A93D0032276A /* Service */ = {
			isa = PBXGroup;
			children = (
				A54EF9122237A9610032276A /* UrlPersistence.swift */,
			);
			path = Service;
			sourceTree = "<group>";
		};
		A58C67BB2239286A00F17459 /* ClassExtension */ = {
			isa = PBXGroup;
			children = (
				A5B8ED5B2222CA4500901D3F /* ExtensionString.swift */,
				A515AD22223176C30048E537 /* ExtensionInt.swift */,
			);
			path = ClassExtension;
			sourceTree = "<group>";
		};
		A5E9BA812232BEA000E3F6E5 /* ViewController */ = {
			isa = PBXGroup;
			children = (
				A5E9BA822232BEC300E3F6E5 /* UrlDataSource.swift */,
				A5E9BA852232C30500E3F6E5 /* UrlTableViewDelegate.swift */,
			);
			path = ViewController;
			sourceTree = "<group>";
		};
/* End PBXGroup section */

/* Begin PBXNativeTarget section */
		A5203306220EF2820096FB57 /* JammerCanceller */ = {
			isa = PBXNativeTarget;
			buildConfigurationList = A5203315220EF2820096FB57 /* Build configuration list for PBXNativeTarget "JammerCanceller" */;
			buildPhases = (
				A5203303220EF2820096FB57 /* Sources */,
				A5203304220EF2820096FB57 /* Frameworks */,
				A5203305220EF2820096FB57 /* Resources */,
				A5203334220EF2AE0096FB57 /* Embed App Extensions */,
			);
			buildRules = (
			);
			dependencies = (
				A520332F220EF2AE0096FB57 /* PBXTargetDependency */,
			);
			name = JammerCanceller;
			productName = JammerCanceller;
			productReference = A5203307220EF2820096FB57 /* JammerCanceller.app */;
			productType = "com.apple.product-type.application";
		};
		A520331B220EF2AE0096FB57 /* JammerCancellerExtension */ = {
			isa = PBXNativeTarget;
			buildConfigurationList = A5203331220EF2AE0096FB57 /* Build configuration list for PBXNativeTarget "JammerCancellerExtension" */;
			buildPhases = (
				A5203318220EF2AE0096FB57 /* Sources */,
				A5203319220EF2AE0096FB57 /* Frameworks */,
				A520331A220EF2AE0096FB57 /* Resources */,
			);
			buildRules = (
			);
			dependencies = (
			);
			name = JammerCancellerExtension;
			productName = JammerCancellerExtension;
			productReference = A520331C220EF2AE0096FB57 /* JammerCancellerExtension.appex */;
			productType = "com.apple.product-type.app-extension";
		};
/* End PBXNativeTarget section */

/* Begin PBXProject section */
		A52032FF220EF2820096FB57 /* Project object */ = {
			isa = PBXProject;
			attributes = {
				LastSwiftUpdateCheck = 0920;
				LastUpgradeCheck = 0920;
				ORGANIZATIONNAME = "金本翔太";
				TargetAttributes = {
					A5203306220EF2820096FB57 = {
						CreatedOnToolsVersion = 9.2;
						ProvisioningStyle = Automatic;
					};
					A520331B220EF2AE0096FB57 = {
						CreatedOnToolsVersion = 9.2;
						ProvisioningStyle = Automatic;
					};
				};
			};
			buildConfigurationList = A5203302220EF2820096FB57 /* Build configuration list for PBXProject "JammerCanceller" */;
			compatibilityVersion = "Xcode 8.0";
			developmentRegion = en;
			hasScannedForEncodings = 0;
			knownRegions = (
				en,
				Base,
			);
			mainGroup = A52032FE220EF2820096FB57;
			productRefGroup = A5203308220EF2820096FB57 /* Products */;
			projectDirPath = "";
			projectRoot = "";
			targets = (
				A5203306220EF2820096FB57 /* JammerCanceller */,
				A520331B220EF2AE0096FB57 /* JammerCancellerExtension */,
			);
		};
/* End PBXProject section */

/* Begin PBXResourcesBuildPhase section */
		A5203305220EF2820096FB57 /* Resources */ = {
			isa = PBXResourcesBuildPhase;
			buildActionMask = 2147483647;
			files = (
				A520330D220EF2820096FB57 /* Assets.xcassets in Resources */,
				A5203310220EF2820096FB57 /* MainMenu.xib in Resources */,
			);
			runOnlyForDeploymentPostprocessing = 0;
		};
		A520331A220EF2AE0096FB57 /* Resources */ = {
			isa = PBXResourcesBuildPhase;
			buildActionMask = 2147483647;
			files = (
				A520332C220EF2AE0096FB57 /* ToolbarItemIcon.pdf in Resources */,
				A553DA98222442BC00B6F6BA /* overlay.js in Resources */,
				A5203337220EF4E90096FB57 /* style.css in Resources */,
				A5203327220EF2AE0096FB57 /* SafariExtensionViewController.xib in Resources */,
				A520332A220EF2AE0096FB57 /* script.js in Resources */,
				A553DA962224418D00B6F6BA /* element.js in Resources */,
				A5384F4E2231710200F9714A /* Message.plist in Resources */,
			);
			runOnlyForDeploymentPostprocessing = 0;
		};
/* End PBXResourcesBuildPhase section */

/* Begin PBXSourcesBuildPhase section */
		A5203303220EF2820096FB57 /* Sources */ = {
			isa = PBXSourcesBuildPhase;
			buildActionMask = 2147483647;
			files = (
				A520330B220EF2820096FB57 /* AppDelegate.swift in Sources */,
			);
			runOnlyForDeploymentPostprocessing = 0;
		};
		A5203318220EF2AE0096FB57 /* Sources */ = {
			isa = PBXSourcesBuildPhase;
			buildActionMask = 2147483647;
			files = (
				A5E9BA832232BEC300E3F6E5 /* UrlDataSource.swift in Sources */,
				A5B8ED5C2222CA4500901D3F /* ExtensionString.swift in Sources */,
				A5203324220EF2AE0096FB57 /* SafariExtensionViewController.swift in Sources */,
				A5598DE122221E36008FA511 /* SafariExtensionService.swift in Sources */,
				A515AD23223176C30048E537 /* ExtensionInt.swift in Sources */,
				A5E9BA862232C30500E3F6E5 /* UrlTableViewDelegate.swift in Sources */,
				A5203322220EF2AE0096FB57 /* SafariExtensionHandler.swift in Sources */,
				A54EF9132237A9610032276A /* UrlPersistence.swift in Sources */,
			);
			runOnlyForDeploymentPostprocessing = 0;
		};
/* End PBXSourcesBuildPhase section */

/* Begin PBXTargetDependency section */
		A520332F220EF2AE0096FB57 /* PBXTargetDependency */ = {
			isa = PBXTargetDependency;
			target = A520331B220EF2AE0096FB57 /* JammerCancellerExtension */;
			targetProxy = A520332E220EF2AE0096FB57 /* PBXContainerItemProxy */;
		};
/* End PBXTargetDependency section */

/* Begin PBXVariantGroup section */
		A520330E220EF2820096FB57 /* MainMenu.xib */ = {
			isa = PBXVariantGroup;
			children = (
				A520330F220EF2820096FB57 /* Base */,
			);
			name = MainMenu.xib;
			sourceTree = "<group>";
		};
		A5203325220EF2AE0096FB57 /* SafariExtensionViewController.xib */ = {
			isa = PBXVariantGroup;
			children = (
				A5203326220EF2AE0096FB57 /* Base */,
			);
			name = SafariExtensionViewController.xib;
			sourceTree = "<group>";
		};
/* End PBXVariantGroup section */

/* Begin XCBuildConfiguration section */
		A5203313220EF2820096FB57 /* Debug */ = {
			isa = XCBuildConfiguration;
			buildSettings = {
				ALWAYS_SEARCH_USER_PATHS = NO;
				CLANG_ANALYZER_NONNULL = YES;
				CLANG_ANALYZER_NUMBER_OBJECT_CONVERSION = YES_AGGRESSIVE;
				CLANG_CXX_LANGUAGE_STANDARD = "gnu++14";
				CLANG_CXX_LIBRARY = "libc++";
				CLANG_ENABLE_MODULES = YES;
				CLANG_ENABLE_OBJC_ARC = YES;
				CLANG_WARN_BLOCK_CAPTURE_AUTORELEASING = YES;
				CLANG_WARN_BOOL_CONVERSION = YES;
				CLANG_WARN_COMMA = YES;
				CLANG_WARN_CONSTANT_CONVERSION = YES;
				CLANG_WARN_DIRECT_OBJC_ISA_USAGE = YES_ERROR;
				CLANG_WARN_DOCUMENTATION_COMMENTS = YES;
				CLANG_WARN_EMPTY_BODY = YES;
				CLANG_WARN_ENUM_CONVERSION = YES;
				CLANG_WARN_INFINITE_RECURSION = YES;
				CLANG_WARN_INT_CONVERSION = YES;
				CLANG_WARN_NON_LITERAL_NULL_CONVERSION = YES;
				CLANG_WARN_OBJC_LITERAL_CONVERSION = YES;
				CLANG_WARN_OBJC_ROOT_CLASS = YES_ERROR;
				CLANG_WARN_RANGE_LOOP_ANALYSIS = YES;
				CLANG_WARN_STRICT_PROTOTYPES = YES;
				CLANG_WARN_SUSPICIOUS_MOVE = YES;
				CLANG_WARN_UNGUARDED_AVAILABILITY = YES_AGGRESSIVE;
				CLANG_WARN_UNREACHABLE_CODE = YES;
				CLANG_WARN__DUPLICATE_METHOD_MATCH = YES;
				CODE_SIGN_IDENTITY = "-";
				COPY_PHASE_STRIP = NO;
				DEBUG_INFORMATION_FORMAT = dwarf;
				ENABLE_STRICT_OBJC_MSGSEND = YES;
				ENABLE_TESTABILITY = YES;
				GCC_C_LANGUAGE_STANDARD = gnu11;
				GCC_DYNAMIC_NO_PIC = NO;
				GCC_NO_COMMON_BLOCKS = YES;
				GCC_OPTIMIZATION_LEVEL = 0;
				GCC_PREPROCESSOR_DEFINITIONS = (
					"DEBUG=1",
					"$(inherited)",
				);
				GCC_WARN_64_TO_32_BIT_CONVERSION = YES;
				GCC_WARN_ABOUT_RETURN_TYPE = YES_ERROR;
				GCC_WARN_UNDECLARED_SELECTOR = YES;
				GCC_WARN_UNINITIALIZED_AUTOS = YES_AGGRESSIVE;
				GCC_WARN_UNUSED_FUNCTION = YES;
				GCC_WARN_UNUSED_VARIABLE = YES;
				MACOSX_DEPLOYMENT_TARGET = 10.12;
				MTL_ENABLE_DEBUG_INFO = YES;
				ONLY_ACTIVE_ARCH = YES;
				SDKROOT = macosx;
				SWIFT_ACTIVE_COMPILATION_CONDITIONS = DEBUG;
				SWIFT_OPTIMIZATION_LEVEL = "-Onone";
			};
			name = Debug;
		};
		A5203314220EF2820096FB57 /* Release */ = {
			isa = XCBuildConfiguration;
			buildSettings = {
				ALWAYS_SEARCH_USER_PATHS = NO;
				CLANG_ANALYZER_NONNULL = YES;
				CLANG_ANALYZER_NUMBER_OBJECT_CONVERSION = YES_AGGRESSIVE;
				CLANG_CXX_LANGUAGE_STANDARD = "gnu++14";
				CLANG_CXX_LIBRARY = "libc++";
				CLANG_ENABLE_MODULES = YES;
				CLANG_ENABLE_OBJC_ARC = YES;
				CLANG_WARN_BLOCK_CAPTURE_AUTORELEASING = YES;
				CLANG_WARN_BOOL_CONVERSION = YES;
				CLANG_WARN_COMMA = YES;
				CLANG_WARN_CONSTANT_CONVERSION = YES;
				CLANG_WARN_DIRECT_OBJC_ISA_USAGE = YES_ERROR;
				CLANG_WARN_DOCUMENTATION_COMMENTS = YES;
				CLANG_WARN_EMPTY_BODY = YES;
				CLANG_WARN_ENUM_CONVERSION = YES;
				CLANG_WARN_INFINITE_RECURSION = YES;
				CLANG_WARN_INT_CONVERSION = YES;
				CLANG_WARN_NON_LITERAL_NULL_CONVERSION = YES;
				CLANG_WARN_OBJC_LITERAL_CONVERSION = YES;
				CLANG_WARN_OBJC_ROOT_CLASS = YES_ERROR;
				CLANG_WARN_RANGE_LOOP_ANALYSIS = YES;
				CLANG_WARN_STRICT_PROTOTYPES = YES;
				CLANG_WARN_SUSPICIOUS_MOVE = YES;
				CLANG_WARN_UNGUARDED_AVAILABILITY = YES_AGGRESSIVE;
				CLANG_WARN_UNREACHABLE_CODE = YES;
				CLANG_WARN__DUPLICATE_METHOD_MATCH = YES;
				CODE_SIGN_IDENTITY = "-";
				COPY_PHASE_STRIP = NO;
				DEBUG_INFORMATION_FORMAT = "dwarf-with-dsym";
				ENABLE_NS_ASSERTIONS = NO;
				ENABLE_STRICT_OBJC_MSGSEND = YES;
				GCC_C_LANGUAGE_STANDARD = gnu11;
				GCC_NO_COMMON_BLOCKS = YES;
				GCC_WARN_64_TO_32_BIT_CONVERSION = YES;
				GCC_WARN_ABOUT_RETURN_TYPE = YES_ERROR;
				GCC_WARN_UNDECLARED_SELECTOR = YES;
				GCC_WARN_UNINITIALIZED_AUTOS = YES_AGGRESSIVE;
				GCC_WARN_UNUSED_FUNCTION = YES;
				GCC_WARN_UNUSED_VARIABLE = YES;
				MACOSX_DEPLOYMENT_TARGET = 10.12;
				MTL_ENABLE_DEBUG_INFO = NO;
				SDKROOT = macosx;
				SWIFT_OPTIMIZATION_LEVEL = "-Owholemodule";
			};
			name = Release;
		};
		A5203316220EF2820096FB57 /* Debug */ = {
			isa = XCBuildConfiguration;
			buildSettings = {
				ALWAYS_EMBED_SWIFT_STANDARD_LIBRARIES = YES;
				ASSETCATALOG_COMPILER_APPICON_NAME = AppIcon;
				CODE_SIGN_ENTITLEMENTS = JammerCanceller/JammerCanceller.entitlements;
				CODE_SIGN_STYLE = Automatic;
				COMBINE_HIDPI_IMAGES = YES;
				INFOPLIST_FILE = JammerCanceller/Info.plist;
				LD_RUNPATH_SEARCH_PATHS = "$(inherited) @executable_path/../Frameworks";
				PRODUCT_BUNDLE_IDENTIFIER = com.showka.JammerCanceller;
				PRODUCT_NAME = "$(TARGET_NAME)";
				SWIFT_VERSION = 4.0;
			};
			name = Debug;
		};
		A5203317220EF2820096FB57 /* Release */ = {
			isa = XCBuildConfiguration;
			buildSettings = {
				ALWAYS_EMBED_SWIFT_STANDARD_LIBRARIES = YES;
				ASSETCATALOG_COMPILER_APPICON_NAME = AppIcon;
				CODE_SIGN_ENTITLEMENTS = JammerCanceller/JammerCanceller.entitlements;
				CODE_SIGN_STYLE = Automatic;
				COMBINE_HIDPI_IMAGES = YES;
				INFOPLIST_FILE = JammerCanceller/Info.plist;
				LD_RUNPATH_SEARCH_PATHS = "$(inherited) @executable_path/../Frameworks";
				PRODUCT_BUNDLE_IDENTIFIER = com.showka.JammerCanceller;
				PRODUCT_NAME = "$(TARGET_NAME)";
				SWIFT_VERSION = 4.0;
			};
			name = Release;
		};
		A5203332220EF2AE0096FB57 /* Debug */ = {
			isa = XCBuildConfiguration;
			buildSettings = {
				CODE_SIGN_ENTITLEMENTS = JammerCancellerExtension/JammerCancellerExtension.entitlements;
				CODE_SIGN_STYLE = Automatic;
				INFOPLIST_FILE = JammerCancellerExtension/Info.plist;
				LD_RUNPATH_SEARCH_PATHS = "$(inherited) @executable_path/../Frameworks @executable_path/../../../../Frameworks";
				PRODUCT_BUNDLE_IDENTIFIER = com.showka.JammerCanceller.JammerCancellerExtension;
				PRODUCT_NAME = "$(TARGET_NAME)";
				SKIP_INSTALL = YES;
				SWIFT_VERSION = 4.0;
			};
			name = Debug;
		};
		A5203333220EF2AE0096FB57 /* Release */ = {
			isa = XCBuildConfiguration;
			buildSettings = {
				CODE_SIGN_ENTITLEMENTS = JammerCancellerExtension/JammerCancellerExtension.entitlements;
				CODE_SIGN_STYLE = Automatic;
				INFOPLIST_FILE = JammerCancellerExtension/Info.plist;
				LD_RUNPATH_SEARCH_PATHS = "$(inherited) @executable_path/../Frameworks @executable_path/../../../../Frameworks";
				PRODUCT_BUNDLE_IDENTIFIER = com.showka.JammerCanceller.JammerCancellerExtension;
				PRODUCT_NAME = "$(TARGET_NAME)";
				SKIP_INSTALL = YES;
				SWIFT_VERSION = 4.0;
			};
			name = Release;
		};
/* End XCBuildConfiguration section */

/* Begin XCConfigurationList section */
		A5203302220EF2820096FB57 /* Build configuration list for PBXProject "JammerCanceller" */ = {
			isa = XCConfigurationList;
			buildConfigurations = (
				A5203313220EF2820096FB57 /* Debug */,
				A5203314220EF2820096FB57 /* Release */,
			);
			defaultConfigurationIsVisible = 0;
			defaultConfigurationName = Release;
		};
		A5203315220EF2820096FB57 /* Build configuration list for PBXNativeTarget "JammerCanceller" */ = {
			isa = XCConfigurationList;
			buildConfigurations = (
				A5203316220EF2820096FB57 /* Debug */,
				A5203317220EF2820096FB57 /* Release */,
			);
			defaultConfigurationIsVisible = 0;
			defaultConfigurationName = Release;
		};
		A5203331220EF2AE0096FB57 /* Build configuration list for PBXNativeTarget "JammerCancellerExtension" */ = {
			isa = XCConfigurationList;
			buildConfigurations = (
				A5203332220EF2AE0096FB57 /* Debug */,
				A5203333220EF2AE0096FB57 /* Release */,
			);
			defaultConfigurationIsVisible = 0;
			defaultConfigurationName = Release;
		};
/* End XCConfigurationList section */
	};
	rootObject = A52032FF220EF2820096FB57 /* Project object */;
}
